
Microsoft Visual Studio Solution File, Format Version 12.00
# Visual Studio 15
VisualStudioVersion = 15.0.26730.15
MinimumVisualStudioVersion = 10.0.40219.1
Project("{FAE04EC0-301F-11D3-BF4B-00C04F79EFBC}") = "calGUI", "calGUI\calGUI.csproj", "{2FE7D969-FD02-4107-AC22-22398FC9BECF}"
EndProject
Global
	GlobalSection(SolutionConfigurationPlatforms) = preSolution
		Debug|Any CPU = Debug|Any CPU
		Release|Any CPU = Release|Any CPU
	EndGlobalSection
	GlobalSection(ProjectConfigurationPlatforms) = postSolution
		{2FE7D969-FD02-4107-AC22-22398FC9BECF}.Debug|Any CPU.ActiveCfg = Debug|Any CPU
		{2FE7D969-FD02-4107-AC22-22398FC9BECF}.Debug|Any CPU.Build.0 = Debug|Any CPU
		{2FE7D969-FD02-4107-AC22-22398FC9BECF}.Release|Any CPU.ActiveCfg = Release|Any CPU
		{2FE7D969-FD02-4107-AC22-22398FC9BECF}.Release|Any CPU.Build.0 = Release|Any CPU
	EndGlobalSection
	GlobalSection(SolutionProperties) = preSolution
		HideSolutionNode = FALSE
	EndGlobalSection
	GlobalSection(ExtensibilityGlobals) = postSolution
		SolutionGuid = {83915EDB-A36E-4D30-92CF-0AFDD840C60E}
	EndGlobalSection
EndGlobal
